// !$*UTF8*$!
{
	archiveVersion = 1;
	classes = {
	};
	objectVersion = 56;
	objects = {

/* Begin PBXBuildFile section */
		29B6724D2A282710008A4C22 /* APICalls.swift in Sources */ = {isa = PBXBuildFile; fileRef = 29B6724C2A282710008A4C22 /* APICalls.swift */; };
		29B672522A285DA5008A4C22 /* MapView.swift in Sources */ = {isa = PBXBuildFile; fileRef = 29B672512A285DA5008A4C22 /* MapView.swift */; };
		29B672542A290A40008A4C22 /* LocationManager.swift in Sources */ = {isa = PBXBuildFile; fileRef = 29B672532A290A40008A4C22 /* LocationManager.swift */; };
		29B672562A2A6616008A4C22 /* AuthorizationManager.swift in Sources */ = {isa = PBXBuildFile; fileRef = 29B672552A2A6616008A4C22 /* AuthorizationManager.swift */; };
		29B672592A2A6BF7008A4C22 /* WorkoutSession.swift in Sources */ = {isa = PBXBuildFile; fileRef = 29B672582A2A6BF7008A4C22 /* WorkoutSession.swift */; };
		29B6725F2A33CA89008A4C22 /* MusicPlaybackManager.swift in Sources */ = {isa = PBXBuildFile; fileRef = 29B6725E2A33CA89008A4C22 /* MusicPlaybackManager.swift */; };
		29BA74CB2A0DEF8300ADA280 /* StrideApp.swift in Sources */ = {isa = PBXBuildFile; fileRef = 29BA74CA2A0DEF8300ADA280 /* StrideApp.swift */; };
		29BA74CD2A0DEF8300ADA280 /* SignInView.swift in Sources */ = {isa = PBXBuildFile; fileRef = 29BA74CC2A0DEF8300ADA280 /* SignInView.swift */; };
		29BA74CF2A0DEF8400ADA280 /* Assets.xcassets in Resources */ = {isa = PBXBuildFile; fileRef = 29BA74CE2A0DEF8400ADA280 /* Assets.xcassets */; };
		29BA74D22A0DEF8400ADA280 /* Preview Assets.xcassets in Resources */ = {isa = PBXBuildFile; fileRef = 29BA74D12A0DEF8400ADA280 /* Preview Assets.xcassets */; };
		29BA74DC2A0DEF8400ADA280 /* StrideTests.swift in Sources */ = {isa = PBXBuildFile; fileRef = 29BA74DB2A0DEF8400ADA280 /* StrideTests.swift */; };
		29BA74E62A0DEF8500ADA280 /* StrideUITests.swift in Sources */ = {isa = PBXBuildFile; fileRef = 29BA74E52A0DEF8500ADA280 /* StrideUITests.swift */; };
		29BA74E82A0DEF8500ADA280 /* StrideUITestsLaunchTests.swift in Sources */ = {isa = PBXBuildFile; fileRef = 29BA74E72A0DEF8500ADA280 /* StrideUITestsLaunchTests.swift */; };
		29BA75022A11561D00ADA280 /* SpotifyiOS.xcframework in Frameworks */ = {isa = PBXBuildFile; fileRef = 29BA74FA2A0DF1CE00ADA280 /* SpotifyiOS.xcframework */; };
		29BA75032A11561D00ADA280 /* SpotifyiOS.xcframework in Embed Frameworks */ = {isa = PBXBuildFile; fileRef = 29BA74FA2A0DF1CE00ADA280 /* SpotifyiOS.xcframework */; settings = {ATTRIBUTES = (CodeSignOnCopy, RemoveHeadersOnCopy, ); }; };
		29BA750C2A22A4FC00ADA280 /* StartWorkoutView.swift in Sources */ = {isa = PBXBuildFile; fileRef = 29BA750B2A22A4FC00ADA280 /* StartWorkoutView.swift */; };
		29BA75142A22E72A00ADA280 /* MusicPlayerView.swift in Sources */ = {isa = PBXBuildFile; fileRef = 29BA75132A22E72A00ADA280 /* MusicPlayerView.swift */; };
/* End PBXBuildFile section */

/* Begin PBXContainerItemProxy section */
		29BA74D82A0DEF8400ADA280 /* PBXContainerItemProxy */ = {
			isa = PBXContainerItemProxy;
			containerPortal = 29BA74BF2A0DEF8200ADA280 /* Project object */;
			proxyType = 1;
			remoteGlobalIDString = 29BA74C62A0DEF8300ADA280;
			remoteInfo = Stride;
		};
		29BA74E22A0DEF8500ADA280 /* PBXContainerItemProxy */ = {
			isa = PBXContainerItemProxy;
			containerPortal = 29BA74BF2A0DEF8200ADA280 /* Project object */;
			proxyType = 1;
			remoteGlobalIDString = 29BA74C62A0DEF8300ADA280;
			remoteInfo = Stride;
		};
/* End PBXContainerItemProxy section */

/* Begin PBXCopyFilesBuildPhase section */
		29BA75042A11561D00ADA280 /* Embed Frameworks */ = {
			isa = PBXCopyFilesBuildPhase;
			buildActionMask = 2147483647;
			dstPath = "";
			dstSubfolderSpec = 10;
			files = (
				29BA75032A11561D00ADA280 /* SpotifyiOS.xcframework in Embed Frameworks */,
			);
			name = "Embed Frameworks";
			runOnlyForDeploymentPostprocessing = 0;
		};
/* End PBXCopyFilesBuildPhase section */

/* Begin PBXFileReference section */
		29B6724C2A282710008A4C22 /* APICalls.swift */ = {isa = PBXFileReference; lastKnownFileType = sourcecode.swift; path = APICalls.swift; sourceTree = "<group>"; };
		29B672512A285DA5008A4C22 /* MapView.swift */ = {isa = PBXFileReference; lastKnownFileType = sourcecode.swift; path = MapView.swift; sourceTree = "<group>"; };
		29B672532A290A40008A4C22 /* LocationManager.swift */ = {isa = PBXFileReference; lastKnownFileType = sourcecode.swift; path = LocationManager.swift; sourceTree = "<group>"; };
		29B672552A2A6616008A4C22 /* AuthorizationManager.swift */ = {isa = PBXFileReference; fileEncoding = 4; lastKnownFileType = sourcecode.swift; path = AuthorizationManager.swift; sourceTree = "<group>"; };
		29B672582A2A6BF7008A4C22 /* WorkoutSession.swift */ = {isa = PBXFileReference; lastKnownFileType = sourcecode.swift; path = WorkoutSession.swift; sourceTree = "<group>"; };
		29B6725E2A33CA89008A4C22 /* MusicPlaybackManager.swift */ = {isa = PBXFileReference; lastKnownFileType = sourcecode.swift; path = MusicPlaybackManager.swift; sourceTree = "<group>"; };
		29BA74C72A0DEF8300ADA280 /* Stride.app */ = {isa = PBXFileReference; explicitFileType = wrapper.application; includeInIndex = 0; path = Stride.app; sourceTree = BUILT_PRODUCTS_DIR; };
		29BA74CA2A0DEF8300ADA280 /* StrideApp.swift */ = {isa = PBXFileReference; lastKnownFileType = sourcecode.swift; path = StrideApp.swift; sourceTree = "<group>"; };
		29BA74CC2A0DEF8300ADA280 /* SignInView.swift */ = {isa = PBXFileReference; lastKnownFileType = sourcecode.swift; path = SignInView.swift; sourceTree = "<group>"; };
		29BA74CE2A0DEF8400ADA280 /* Assets.xcassets */ = {isa = PBXFileReference; lastKnownFileType = folder.assetcatalog; path = Assets.xcassets; sourceTree = "<group>"; };
		29BA74D12A0DEF8400ADA280 /* Preview Assets.xcassets */ = {isa = PBXFileReference; lastKnownFileType = folder.assetcatalog; path = "Preview Assets.xcassets"; sourceTree = "<group>"; };
		29BA74D72A0DEF8400ADA280 /* StrideTests.xctest */ = {isa = PBXFileReference; explicitFileType = wrapper.cfbundle; includeInIndex = 0; path = StrideTests.xctest; sourceTree = BUILT_PRODUCTS_DIR; };
		29BA74DB2A0DEF8400ADA280 /* StrideTests.swift */ = {isa = PBXFileReference; lastKnownFileType = sourcecode.swift; path = StrideTests.swift; sourceTree = "<group>"; };
		29BA74E12A0DEF8500ADA280 /* StrideUITests.xctest */ = {isa = PBXFileReference; explicitFileType = wrapper.cfbundle; includeInIndex = 0; path = StrideUITests.xctest; sourceTree = BUILT_PRODUCTS_DIR; };
		29BA74E52A0DEF8500ADA280 /* StrideUITests.swift */ = {isa = PBXFileReference; lastKnownFileType = sourcecode.swift; path = StrideUITests.swift; sourceTree = "<group>"; };
		29BA74E72A0DEF8500ADA280 /* StrideUITestsLaunchTests.swift */ = {isa = PBXFileReference; lastKnownFileType = sourcecode.swift; path = StrideUITestsLaunchTests.swift; sourceTree = "<group>"; };
		29BA74F42A0DEF9A00ADA280 /* Info.plist */ = {isa = PBXFileReference; lastKnownFileType = text.plist; path = Info.plist; sourceTree = "<group>"; };
		29BA74F92A0DF1A300ADA280 /* Stride-Bridging-Header.h */ = {isa = PBXFileReference; lastKnownFileType = sourcecode.c.h; path = "Stride-Bridging-Header.h"; sourceTree = "<group>"; };
		29BA74FA2A0DF1CE00ADA280 /* SpotifyiOS.xcframework */ = {isa = PBXFileReference; lastKnownFileType = wrapper.xcframework; path = SpotifyiOS.xcframework; sourceTree = "<group>"; };
		29BA750B2A22A4FC00ADA280 /* StartWorkoutView.swift */ = {isa = PBXFileReference; lastKnownFileType = sourcecode.swift; path = StartWorkoutView.swift; sourceTree = "<group>"; };
		29BA75132A22E72A00ADA280 /* MusicPlayerView.swift */ = {isa = PBXFileReference; lastKnownFileType = sourcecode.swift; path = MusicPlayerView.swift; sourceTree = "<group>"; };
/* End PBXFileReference section */

/* Begin PBXFrameworksBuildPhase section */
		29BA74C42A0DEF8300ADA280 /* Frameworks */ = {
			isa = PBXFrameworksBuildPhase;
			buildActionMask = 2147483647;
			files = (
				29BA75022A11561D00ADA280 /* SpotifyiOS.xcframework in Frameworks */,
			);
			runOnlyForDeploymentPostprocessing = 0;
		};
		29BA74D42A0DEF8400ADA280 /* Frameworks */ = {
			isa = PBXFrameworksBuildPhase;
			buildActionMask = 2147483647;
			files = (
			);
			runOnlyForDeploymentPostprocessing = 0;
		};
		29BA74DE2A0DEF8500ADA280 /* Frameworks */ = {
			isa = PBXFrameworksBuildPhase;
			buildActionMask = 2147483647;
			files = (
			);
			runOnlyForDeploymentPostprocessing = 0;
		};
/* End PBXFrameworksBuildPhase section */

/* Begin PBXGroup section */
		29B6724E2A282760008A4C22 /* Views */ = {
			isa = PBXGroup;
			children = (
				29BA74CC2A0DEF8300ADA280 /* SignInView.swift */,
				29BA750B2A22A4FC00ADA280 /* StartWorkoutView.swift */,
				29B672512A285DA5008A4C22 /* MapView.swift */,
				29BA75132A22E72A00ADA280 /* MusicPlayerView.swift */,
			);
			path = Views;
			sourceTree = "<group>";
		};
		29BA74BE2A0DEF8200ADA280 = {
			isa = PBXGroup;
			children = (
				29BA74FA2A0DF1CE00ADA280 /* SpotifyiOS.xcframework */,
				29BA74F92A0DF1A300ADA280 /* Stride-Bridging-Header.h */,
				29BA74C92A0DEF8300ADA280 /* Stride */,
				29BA74DA2A0DEF8400ADA280 /* StrideTests */,
				29BA74E42A0DEF8500ADA280 /* StrideUITests */,
				29BA74C82A0DEF8300ADA280 /* Products */,
			);
			sourceTree = "<group>";
		};
		29BA74C82A0DEF8300ADA280 /* Products */ = {
			isa = PBXGroup;
			children = (
				29BA74C72A0DEF8300ADA280 /* Stride.app */,
				29BA74D72A0DEF8400ADA280 /* StrideTests.xctest */,
				29BA74E12A0DEF8500ADA280 /* StrideUITests.xctest */,
			);
			name = Products;
			sourceTree = "<group>";
		};
		29BA74C92A0DEF8300ADA280 /* Stride */ = {
			isa = PBXGroup;
			children = (
				29BA74CA2A0DEF8300ADA280 /* StrideApp.swift */,
				29B6724E2A282760008A4C22 /* Views */,
				29BA74F42A0DEF9A00ADA280 /* Info.plist */,
				29B672552A2A6616008A4C22 /* AuthorizationManager.swift */,
				29B672532A290A40008A4C22 /* LocationManager.swift */,
				29B6725E2A33CA89008A4C22 /* MusicPlaybackManager.swift */,
				29B6724C2A282710008A4C22 /* APICalls.swift */,
				29B672582A2A6BF7008A4C22 /* WorkoutSession.swift */,
				29BA74CE2A0DEF8400ADA280 /* Assets.xcassets */,
				29BA74D02A0DEF8400ADA280 /* Preview Content */,
			);
			path = Stride;
			sourceTree = "<group>";
		};
		29BA74D02A0DEF8400ADA280 /* Preview Content */ = {
			isa = PBXGroup;
			children = (
				29BA74D12A0DEF8400ADA280 /* Preview Assets.xcassets */,
			);
			path = "Preview Content";
			sourceTree = "<group>";
		};
		29BA74DA2A0DEF8400ADA280 /* StrideTests */ = {
			isa = PBXGroup;
			children = (
				29BA74DB2A0DEF8400ADA280 /* StrideTests.swift */,
			);
			path = StrideTests;
			sourceTree = "<group>";
		};
		29BA74E42A0DEF8500ADA280 /* StrideUITests */ = {
			isa = PBXGroup;
			children = (
				29BA74E52A0DEF8500ADA280 /* StrideUITests.swift */,
				29BA74E72A0DEF8500ADA280 /* StrideUITestsLaunchTests.swift */,
			);
			path = StrideUITests;
			sourceTree = "<group>";
		};
/* End PBXGroup section */

/* Begin PBXNativeTarget section */
		29BA74C62A0DEF8300ADA280 /* Stride */ = {
			isa = PBXNativeTarget;
			buildConfigurationList = 29BA74EB2A0DEF8500ADA280 /* Build configuration list for PBXNativeTarget "Stride" */;
			buildPhases = (
				29BA74C32A0DEF8300ADA280 /* Sources */,
				29BA74C42A0DEF8300ADA280 /* Frameworks */,
				29BA74C52A0DEF8300ADA280 /* Resources */,
				29BA75042A11561D00ADA280 /* Embed Frameworks */,
			);
			buildRules = (
			);
			dependencies = (
			);
			name = Stride;
			productName = Stride;
			productReference = 29BA74C72A0DEF8300ADA280 /* Stride.app */;
			productType = "com.apple.product-type.application";
		};
		29BA74D62A0DEF8400ADA280 /* StrideTests */ = {
			isa = PBXNativeTarget;
			buildConfigurationList = 29BA74EE2A0DEF8500ADA280 /* Build configuration list for PBXNativeTarget "StrideTests" */;
			buildPhases = (
				29BA74D32A0DEF8400ADA280 /* Sources */,
				29BA74D42A0DEF8400ADA280 /* Frameworks */,
				29BA74D52A0DEF8400ADA280 /* Resources */,
			);
			buildRules = (
			);
			dependencies = (
				29BA74D92A0DEF8400ADA280 /* PBXTargetDependency */,
			);
			name = StrideTests;
			productName = StrideTests;
			productReference = 29BA74D72A0DEF8400ADA280 /* StrideTests.xctest */;
			productType = "com.apple.product-type.bundle.unit-test";
		};
		29BA74E02A0DEF8500ADA280 /* StrideUITests */ = {
			isa = PBXNativeTarget;
			buildConfigurationList = 29BA74F12A0DEF8500ADA280 /* Build configuration list for PBXNativeTarget "StrideUITests" */;
			buildPhases = (
				29BA74DD2A0DEF8500ADA280 /* Sources */,
				29BA74DE2A0DEF8500ADA280 /* Frameworks */,
				29BA74DF2A0DEF8500ADA280 /* Resources */,
			);
			buildRules = (
			);
			dependencies = (
				29BA74E32A0DEF8500ADA280 /* PBXTargetDependency */,
			);
			name = StrideUITests;
			productName = StrideUITests;
			productReference = 29BA74E12A0DEF8500ADA280 /* StrideUITests.xctest */;
			productType = "com.apple.product-type.bundle.ui-testing";
		};
/* End PBXNativeTarget section */

/* Begin PBXProject section */
		29BA74BF2A0DEF8200ADA280 /* Project object */ = {
			isa = PBXProject;
			attributes = {
				BuildIndependentTargetsInParallel = 1;
				LastSwiftUpdateCheck = 1430;
				LastUpgradeCheck = 1430;
				TargetAttributes = {
					29BA74C62A0DEF8300ADA280 = {
						CreatedOnToolsVersion = 14.3;
					};
					29BA74D62A0DEF8400ADA280 = {
						CreatedOnToolsVersion = 14.3;
						TestTargetID = 29BA74C62A0DEF8300ADA280;
					};
					29BA74E02A0DEF8500ADA280 = {
						CreatedOnToolsVersion = 14.3;
						TestTargetID = 29BA74C62A0DEF8300ADA280;
					};
				};
			};
			buildConfigurationList = 29BA74C22A0DEF8200ADA280 /* Build configuration list for PBXProject "Stride" */;
			compatibilityVersion = "Xcode 14.0";
			developmentRegion = en;
			hasScannedForEncodings = 0;
			knownRegions = (
				en,
				Base,
			);
			mainGroup = 29BA74BE2A0DEF8200ADA280;
			productRefGroup = 29BA74C82A0DEF8300ADA280 /* Products */;
			projectDirPath = "";
			projectRoot = "";
			targets = (
				29BA74C62A0DEF8300ADA280 /* Stride */,
				29BA74D62A0DEF8400ADA280 /* StrideTests */,
				29BA74E02A0DEF8500ADA280 /* StrideUITests */,
			);
		};
/* End PBXProject section */

/* Begin PBXResourcesBuildPhase section */
		29BA74C52A0DEF8300ADA280 /* Resources */ = {
			isa = PBXResourcesBuildPhase;
			buildActionMask = 2147483647;
			files = (
				29BA74D22A0DEF8400ADA280 /* Preview Assets.xcassets in Resources */,
				29BA74CF2A0DEF8400ADA280 /* Assets.xcassets in Resources */,
			);
			runOnlyForDeploymentPostprocessing = 0;
		};
		29BA74D52A0DEF8400ADA280 /* Resources */ = {
			isa = PBXResourcesBuildPhase;
			buildActionMask = 2147483647;
			files = (
			);
			runOnlyForDeploymentPostprocessing = 0;
		};
		29BA74DF2A0DEF8500ADA280 /* Resources */ = {
			isa = PBXResourcesBuildPhase;
			buildActionMask = 2147483647;
			files = (
			);
			runOnlyForDeploymentPostprocessing = 0;
		};
/* End PBXResourcesBuildPhase section */

/* Begin PBXSourcesBuildPhase section */
		29BA74C32A0DEF8300ADA280 /* Sources */ = {
			isa = PBXSourcesBuildPhase;
			buildActionMask = 2147483647;
			files = (
				29B6725F2A33CA89008A4C22 /* MusicPlaybackManager.swift in Sources */,
				29BA74CD2A0DEF8300ADA280 /* SignInView.swift in Sources */,
				29BA750C2A22A4FC00ADA280 /* StartWorkoutView.swift in Sources */,
				29B6724D2A282710008A4C22 /* APICalls.swift in Sources */,
				29BA75142A22E72A00ADA280 /* MusicPlayerView.swift in Sources */,
				29B672522A285DA5008A4C22 /* MapView.swift in Sources */,
				29B672592A2A6BF7008A4C22 /* WorkoutSession.swift in Sources */,
				29B672562A2A6616008A4C22 /* AuthorizationManager.swift in Sources */,
				29BA74CB2A0DEF8300ADA280 /* StrideApp.swift in Sources */,
				29B672542A290A40008A4C22 /* LocationManager.swift in Sources */,
			);
			runOnlyForDeploymentPostprocessing = 0;
		};
		29BA74D32A0DEF8400ADA280 /* Sources */ = {
			isa = PBXSourcesBuildPhase;
			buildActionMask = 2147483647;
			files = (
				29BA74DC2A0DEF8400ADA280 /* StrideTests.swift in Sources */,
			);
			runOnlyForDeploymentPostprocessing = 0;
		};
		29BA74DD2A0DEF8500ADA280 /* Sources */ = {
			isa = PBXSourcesBuildPhase;
			buildActionMask = 2147483647;
			files = (
				29BA74E62A0DEF8500ADA280 /* StrideUITests.swift in Sources */,
				29BA74E82A0DEF8500ADA280 /* StrideUITestsLaunchTests.swift in Sources */,
			);
			runOnlyForDeploymentPostprocessing = 0;
		};
/* End PBXSourcesBuildPhase section */

/* Begin PBXTargetDependency section */
		29BA74D92A0DEF8400ADA280 /* PBXTargetDependency */ = {
			isa = PBXTargetDependency;
			target = 29BA74C62A0DEF8300ADA280 /* Stride */;
			targetProxy = 29BA74D82A0DEF8400ADA280 /* PBXContainerItemProxy */;
		};
		29BA74E32A0DEF8500ADA280 /* PBXTargetDependency */ = {
			isa = PBXTargetDependency;
			target = 29BA74C62A0DEF8300ADA280 /* Stride */;
			targetProxy = 29BA74E22A0DEF8500ADA280 /* PBXContainerItemProxy */;
		};
/* End PBXTargetDependency section */

/* Begin XCBuildConfiguration section */
		29BA74E92A0DEF8500ADA280 /* Debug */ = {
			isa = XCBuildConfiguration;
			buildSettings = {
				ALWAYS_SEARCH_USER_PATHS = NO;
				CLANG_ANALYZER_NONNULL = YES;
				CLANG_ANALYZER_NUMBER_OBJECT_CONVERSION = YES_AGGRESSIVE;
				CLANG_CXX_LANGUAGE_STANDARD = "gnu++20";
				CLANG_ENABLE_MODULES = YES;
				CLANG_ENABLE_OBJC_ARC = YES;
				CLANG_ENABLE_OBJC_WEAK = YES;
				CLANG_WARN_BLOCK_CAPTURE_AUTORELEASING = YES;
				CLANG_WARN_BOOL_CONVERSION = YES;
				CLANG_WARN_COMMA = YES;
				CLANG_WARN_CONSTANT_CONVERSION = YES;
				CLANG_WARN_DEPRECATED_OBJC_IMPLEMENTATIONS = YES;
				CLANG_WARN_DIRECT_OBJC_ISA_USAGE = YES_ERROR;
				CLANG_WARN_DOCUMENTATION_COMMENTS = YES;
				CLANG_WARN_EMPTY_BODY = YES;
				CLANG_WARN_ENUM_CONVERSION = YES;
				CLANG_WARN_INFINITE_RECURSION = YES;
				CLANG_WARN_INT_CONVERSION = YES;
				CLANG_WARN_NON_LITERAL_NULL_CONVERSION = YES;
				CLANG_WARN_OBJC_IMPLICIT_RETAIN_SELF = YES;
				CLANG_WARN_OBJC_LITERAL_CONVERSION = YES;
				CLANG_WARN_OBJC_ROOT_CLASS = YES_ERROR;
				CLANG_WARN_QUOTED_INCLUDE_IN_FRAMEWORK_HEADER = YES;
				CLANG_WARN_RANGE_LOOP_ANALYSIS = YES;
				CLANG_WARN_STRICT_PROTOTYPES = YES;
				CLANG_WARN_SUSPICIOUS_MOVE = YES;
				CLANG_WARN_UNGUARDED_AVAILABILITY = YES_AGGRESSIVE;
				CLANG_WARN_UNREACHABLE_CODE = YES;
				CLANG_WARN__DUPLICATE_METHOD_MATCH = YES;
				COPY_PHASE_STRIP = NO;
				DEBUG_INFORMATION_FORMAT = dwarf;
				ENABLE_STRICT_OBJC_MSGSEND = YES;
				ENABLE_TESTABILITY = YES;
				GCC_C_LANGUAGE_STANDARD = gnu11;
				GCC_DYNAMIC_NO_PIC = NO;
				GCC_NO_COMMON_BLOCKS = YES;
				GCC_OPTIMIZATION_LEVEL = 0;
				GCC_PREPROCESSOR_DEFINITIONS = (
					"DEBUG=1",
					"$(inherited)",
				);
				GCC_WARN_64_TO_32_BIT_CONVERSION = YES;
				GCC_WARN_ABOUT_RETURN_TYPE = YES_ERROR;
				GCC_WARN_UNDECLARED_SELECTOR = YES;
				GCC_WARN_UNINITIALIZED_AUTOS = YES_AGGRESSIVE;
				GCC_WARN_UNUSED_FUNCTION = YES;
				GCC_WARN_UNUSED_VARIABLE = YES;
				IPHONEOS_DEPLOYMENT_TARGET = 16.4;
				MTL_ENABLE_DEBUG_INFO = INCLUDE_SOURCE;
				MTL_FAST_MATH = YES;
				ONLY_ACTIVE_ARCH = YES;
				SDKROOT = iphoneos;
				SWIFT_ACTIVE_COMPILATION_CONDITIONS = DEBUG;
				SWIFT_OPTIMIZATION_LEVEL = "-Onone";
			};
			name = Debug;
		};
		29BA74EA2A0DEF8500ADA280 /* Release */ = {
			isa = XCBuildConfiguration;
			buildSettings = {
				ALWAYS_SEARCH_USER_PATHS = NO;
				CLANG_ANALYZER_NONNULL = YES;
				CLANG_ANALYZER_NUMBER_OBJECT_CONVERSION = YES_AGGRESSIVE;
				CLANG_CXX_LANGUAGE_STANDARD = "gnu++20";
				CLANG_ENABLE_MODULES = YES;
				CLANG_ENABLE_OBJC_ARC = YES;
				CLANG_ENABLE_OBJC_WEAK = YES;
				CLANG_WARN_BLOCK_CAPTURE_AUTORELEASING = YES;
				CLANG_WARN_BOOL_CONVERSION = YES;
				CLANG_WARN_COMMA = YES;
				CLANG_WARN_CONSTANT_CONVERSION = YES;
				CLANG_WARN_DEPRECATED_OBJC_IMPLEMENTATIONS = YES;
				CLANG_WARN_DIRECT_OBJC_ISA_USAGE = YES_ERROR;
				CLANG_WARN_DOCUMENTATION_COMMENTS = YES;
				CLANG_WARN_EMPTY_BODY = YES;
				CLANG_WARN_ENUM_CONVERSION = YES;
				CLANG_WARN_INFINITE_RECURSION = YES;
				CLANG_WARN_INT_CONVERSION = YES;
				CLANG_WARN_NON_LITERAL_NULL_CONVERSION = YES;
				CLANG_WARN_OBJC_IMPLICIT_RETAIN_SELF = YES;
				CLANG_WARN_OBJC_LITERAL_CONVERSION = YES;
				CLANG_WARN_OBJC_ROOT_CLASS = YES_ERROR;
				CLANG_WARN_QUOTED_INCLUDE_IN_FRAMEWORK_HEADER = YES;
				CLANG_WARN_RANGE_LOOP_ANALYSIS = YES;
				CLANG_WARN_STRICT_PROTOTYPES = YES;
				CLANG_WARN_SUSPICIOUS_MOVE = YES;
				CLANG_WARN_UNGUARDED_AVAILABILITY = YES_AGGRESSIVE;
				CLANG_WARN_UNREACHABLE_CODE = YES;
				CLANG_WARN__DUPLICATE_METHOD_MATCH = YES;
				COPY_PHASE_STRIP = NO;
				DEBUG_INFORMATION_FORMAT = "dwarf-with-dsym";
				ENABLE_NS_ASSERTIONS = NO;
				ENABLE_STRICT_OBJC_MSGSEND = YES;
				GCC_C_LANGUAGE_STANDARD = gnu11;
				GCC_NO_COMMON_BLOCKS = YES;
				GCC_WARN_64_TO_32_BIT_CONVERSION = YES;
				GCC_WARN_ABOUT_RETURN_TYPE = YES_ERROR;
				GCC_WARN_UNDECLARED_SELECTOR = YES;
				GCC_WARN_UNINITIALIZED_AUTOS = YES_AGGRESSIVE;
				GCC_WARN_UNUSED_FUNCTION = YES;
				GCC_WARN_UNUSED_VARIABLE = YES;
				IPHONEOS_DEPLOYMENT_TARGET = 16.4;
				MTL_ENABLE_DEBUG_INFO = NO;
				MTL_FAST_MATH = YES;
				SDKROOT = iphoneos;
				SWIFT_COMPILATION_MODE = wholemodule;
				SWIFT_OPTIMIZATION_LEVEL = "-O";
				VALIDATE_PRODUCT = YES;
			};
			name = Release;
		};
		29BA74EC2A0DEF8500ADA280 /* Debug */ = {
			isa = XCBuildConfiguration;
			buildSettings = {
				ASSETCATALOG_COMPILER_APPICON_NAME = AppIcon;
				ASSETCATALOG_COMPILER_GLOBAL_ACCENT_COLOR_NAME = AccentColor;
				CODE_SIGN_STYLE = Automatic;
				CURRENT_PROJECT_VERSION = 1;
				DEVELOPMENT_ASSET_PATHS = "\"Stride/Preview Content\"";
				DEVELOPMENT_TEAM = 4S2A524X55;
				ENABLE_PREVIEWS = YES;
				GENERATE_INFOPLIST_FILE = YES;
				INFOPLIST_FILE = Stride/Info.plist;
				INFOPLIST_KEY_UIApplicationSceneManifest_Generation = YES;
				INFOPLIST_KEY_UIApplicationSupportsIndirectInputEvents = YES;
				INFOPLIST_KEY_UILaunchScreen_Generation = YES;
				INFOPLIST_KEY_UISupportedInterfaceOrientations_iPad = "UIInterfaceOrientationPortrait UIInterfaceOrientationPortraitUpsideDown UIInterfaceOrientationLandscapeLeft UIInterfaceOrientationLandscapeRight";
				INFOPLIST_KEY_UISupportedInterfaceOrientations_iPhone = "UIInterfaceOrientationPortrait UIInterfaceOrientationLandscapeLeft UIInterfaceOrientationLandscapeRight";
				LD_RUNPATH_SEARCH_PATHS = (
					"$(inherited)",
					"@executable_path/Frameworks",
				);
				MARKETING_VERSION = 1.0;
				PRODUCT_BUNDLE_IDENTIFIER = MadhuRamkumar.Stride;
				PRODUCT_NAME = "$(TARGET_NAME)";
				SWIFT_EMIT_LOC_STRINGS = YES;
				SWIFT_VERSION = 5.0;
				TARGETED_DEVICE_FAMILY = "1,2";
			};
			name = Debug;
		};
		29BA74ED2A0DEF8500ADA280 /* Release */ = {
			isa = XCBuildConfiguration;
			buildSettings = {
				ASSETCATALOG_COMPILER_APPICON_NAME = AppIcon;
				ASSETCATALOG_COMPILER_GLOBAL_ACCENT_COLOR_NAME = AccentColor;
				CODE_SIGN_STYLE = Automatic;
				CURRENT_PROJECT_VERSION = 1;
				DEVELOPMENT_ASSET_PATHS = "\"Stride/Preview Content\"";
				DEVELOPMENT_TEAM = 4S2A524X55;
				ENABLE_PREVIEWS = YES;
				GENERATE_INFOPLIST_FILE = YES;
				INFOPLIST_FILE = Stride/Info.plist;
				INFOPLIST_KEY_UIApplicationSceneManifest_Generation = YES;
				INFOPLIST_KEY_UIApplicationSupportsIndirectInputEvents = YES;
				INFOPLIST_KEY_UILaunchScreen_Generation = YES;
				INFOPLIST_KEY_UISupportedInterfaceOrientations_iPad = "UIInterfaceOrientationPortrait UIInterfaceOrientationPortraitUpsideDown UIInterfaceOrientationLandscapeLeft UIInterfaceOrientationLandscapeRight";
				INFOPLIST_KEY_UISupportedInterfaceOrientations_iPhone = "UIInterfaceOrientationPortrait UIInterfaceOrientationLandscapeLeft UIInterfaceOrientationLandscapeRight";
				LD_RUNPATH_SEARCH_PATHS = (
					"$(inherited)",
					"@executable_path/Frameworks",
				);
				MARKETING_VERSION = 1.0;
				PRODUCT_BUNDLE_IDENTIFIER = MadhuRamkumar.Stride;
				PRODUCT_NAME = "$(TARGET_NAME)";
				SWIFT_EMIT_LOC_STRINGS = YES;
				SWIFT_VERSION = 5.0;
				TARGETED_DEVICE_FAMILY = "1,2";
			};
			name = Release;
		};
		29BA74EF2A0DEF8500ADA280 /* Debug */ = {
			isa = XCBuildConfiguration;
			buildSettings = {
				ALWAYS_EMBED_SWIFT_STANDARD_LIBRARIES = YES;
				BUNDLE_LOADER = "$(TEST_HOST)";
				CODE_SIGN_STYLE = Automatic;
				CURRENT_PROJECT_VERSION = 1;
				GENERATE_INFOPLIST_FILE = YES;
				IPHONEOS_DEPLOYMENT_TARGET = 16.4;
				MARKETING_VERSION = 1.0;
				PRODUCT_BUNDLE_IDENTIFIER = MadhuRamkumar.StrideTests;
				PRODUCT_NAME = "$(TARGET_NAME)";
				SWIFT_EMIT_LOC_STRINGS = NO;
				SWIFT_VERSION = 5.0;
				TARGETED_DEVICE_FAMILY = "1,2";
				TEST_HOST = "$(BUILT_PRODUCTS_DIR)/Stride.app/$(BUNDLE_EXECUTABLE_FOLDER_PATH)/Stride";
			};
			name = Debug;
		};
		29BA74F02A0DEF8500ADA280 /* Release */ = {
			isa = XCBuildConfiguration;
			buildSettings = {
				ALWAYS_EMBED_SWIFT_STANDARD_LIBRARIES = YES;
				BUNDLE_LOADER = "$(TEST_HOST)";
				CODE_SIGN_STYLE = Automatic;
				CURRENT_PROJECT_VERSION = 1;
				GENERATE_INFOPLIST_FILE = YES;
				IPHONEOS_DEPLOYMENT_TARGET = 16.4;
				MARKETING_VERSION = 1.0;
				PRODUCT_BUNDLE_IDENTIFIER = MadhuRamkumar.StrideTests;
				PRODUCT_NAME = "$(TARGET_NAME)";
				SWIFT_EMIT_LOC_STRINGS = NO;
				SWIFT_VERSION = 5.0;
				TARGETED_DEVICE_FAMILY = "1,2";
				TEST_HOST = "$(BUILT_PRODUCTS_DIR)/Stride.app/$(BUNDLE_EXECUTABLE_FOLDER_PATH)/Stride";
			};
			name = Release;
		};
		29BA74F22A0DEF8500ADA280 /* Debug */ = {
			isa = XCBuildConfiguration;
			buildSettings = {
				ALWAYS_EMBED_SWIFT_STANDARD_LIBRARIES = YES;
				CODE_SIGN_STYLE = Automatic;
				CURRENT_PROJECT_VERSION = 1;
				GENERATE_INFOPLIST_FILE = YES;
				MARKETING_VERSION = 1.0;
				PRODUCT_BUNDLE_IDENTIFIER = MadhuRamkumar.StrideUITests;
				PRODUCT_NAME = "$(TARGET_NAME)";
				SWIFT_EMIT_LOC_STRINGS = NO;
				SWIFT_VERSION = 5.0;
				TARGETED_DEVICE_FAMILY = "1,2";
				TEST_TARGET_NAME = Stride;
			};
			name = Debug;
		};
		29BA74F32A0DEF8500ADA280 /* Release */ = {
			isa = XCBuildConfiguration;
			buildSettings = {
				ALWAYS_EMBED_SWIFT_STANDARD_LIBRARIES = YES;
				CODE_SIGN_STYLE = Automatic;
				CURRENT_PROJECT_VERSION = 1;
				GENERATE_INFOPLIST_FILE = YES;
				MARKETING_VERSION = 1.0;
				PRODUCT_BUNDLE_IDENTIFIER = MadhuRamkumar.StrideUITests;
				PRODUCT_NAME = "$(TARGET_NAME)";
				SWIFT_EMIT_LOC_STRINGS = NO;
				SWIFT_VERSION = 5.0;
				TARGETED_DEVICE_FAMILY = "1,2";
				TEST_TARGET_NAME = Stride;
			};
			name = Release;
		};
/* End XCBuildConfiguration section */

/* Begin XCConfigurationList section */
		29BA74C22A0DEF8200ADA280 /* Build configuration list for PBXProject "Stride" */ = {
			isa = XCConfigurationList;
			buildConfigurations = (
				29BA74E92A0DEF8500ADA280 /* Debug */,
				29BA74EA2A0DEF8500ADA280 /* Release */,
			);
			defaultConfigurationIsVisible = 0;
			defaultConfigurationName = Release;
		};
		29BA74EB2A0DEF8500ADA280 /* Build configuration list for PBXNativeTarget "Stride" */ = {
			isa = XCConfigurationList;
			buildConfigurations = (
				29BA74EC2A0DEF8500ADA280 /* Debug */,
				29BA74ED2A0DEF8500ADA280 /* Release */,
			);
			defaultConfigurationIsVisible = 0;
			defaultConfigurationName = Release;
		};
		29BA74EE2A0DEF8500ADA280 /* Build configuration list for PBXNativeTarget "StrideTests" */ = {
			isa = XCConfigurationList;
			buildConfigurations = (
				29BA74EF2A0DEF8500ADA280 /* Debug */,
				29BA74F02A0DEF8500ADA280 /* Release */,
			);
			defaultConfigurationIsVisible = 0;
			defaultConfigurationName = Release;
		};
		29BA74F12A0DEF8500ADA280 /* Build configuration list for PBXNativeTarget "StrideUITests" */ = {
			isa = XCConfigurationList;
			buildConfigurations = (
				29BA74F22A0DEF8500ADA280 /* Debug */,
				29BA74F32A0DEF8500ADA280 /* Release */,
			);
			defaultConfigurationIsVisible = 0;
			defaultConfigurationName = Release;
		};
/* End XCConfigurationList section */
	};
	rootObject = 29BA74BF2A0DEF8200ADA280 /* Project object */;
}
